
Microsoft Visual Studio Solution File, Format Version 12.00
# Visual Studio 15
VisualStudioVersion = 15.0.27130.2010
MinimumVisualStudioVersion = 10.0.40219.1
Project("{9A19103F-16F7-4668-BE54-9A1E7A4F7556}") = "0_Overview", "0_Overview\0_Overview.csproj", "{524A48D6-FA5F-4A25-987A-E0205BD28E60}"
EndProject
Project("{2150E333-8FDC-42A3-9474-1A3956D46DE8}") = "Solution Items", "Solution Items", "{69ADF932-1FA2-40FF-82E2-538AF0FB6D74}"
	ProjectSection(SolutionItems) = preProject
		README.md = README.md
	EndProjectSection
EndProject
Project("{9A19103F-16F7-4668-BE54-9A1E7A4F7556}") = "1_client_credentials", "1_client_credentials\1_client_credentials.csproj", "{7B75B9CB-6A3A-4F05-A63D-295AF0C4DCA9}"
EndProject
Project("{9A19103F-16F7-4668-BE54-9A1E7A4F7556}") = "99_Api", "99_Api\99_Api.csproj", "{459D7929-A88F-416C-91D0-5C10C1D856E2}"
EndProject
Project("{9A19103F-16F7-4668-BE54-9A1E7A4F7556}") = "2_core_client", "2_core_client\2_core_client.csproj", "{62845BD9-0755-4A3A-9580-E0EB07BCE29D}"
EndProject
Project("{9A19103F-16F7-4668-BE54-9A1E7A4F7556}") = "3_js_client", "3_js_client\3_js_client.csproj", "{FAA88ADB-F1E1-4730-BAA8-8C7310722F8B}"
EndProject
Project("{9A19103F-16F7-4668-BE54-9A1E7A4F7556}") = "5_UI_server", "5_UI_server\5_UI_server.csproj", "{E0EB7066-C116-411D-A7F5-867E00D03707}"
EndProject
Project("{FAE04EC0-301F-11D3-BF4B-00C04F79EFBC}") = "6_UI_server_oidc", "6_UI_server_oidc\6_UI_server_oidc.csproj", "{1E6FC94B-F98F-425E-93A6-C14904E7D9AD}"
EndProject
Project("{FAE04EC0-301F-11D3-BF4B-00C04F79EFBC}") = "7_UI_core_client_oidc_implicit", "7_UI_core_client_oidc\7_UI_core_client_oidc_implicit.csproj", "{66673A3B-975D-4FD0-94BB-F4BB226471DF}"
EndProject
Project("{FAE04EC0-301F-11D3-BF4B-00C04F79EFBC}") = "99_Api2", "99_Api2\99_Api2.csproj", "{BBC8B0DC-74CC-4612-A659-E133861687EC}"
EndProject
Project("{FAE04EC0-301F-11D3-BF4B-00C04F79EFBC}") = "8_UI_core_client_oidc_hybrid", "8_UI_core_client_oidc_hybrid\8_UI_core_client_oidc_hybrid.csproj", "{EE577004-E8B4-4014-9A60-72C3F6FFFA18}"
EndProject
Project("{FAE04EC0-301F-11D3-BF4B-00C04F79EFBC}") = "9_js_client_implicit", "9_js_client_implicit\9_js_client_implicit.csproj", "{EF1E7D6A-7198-49FB-A904-A570DC19409C}"
EndProject
Project("{9A19103F-16F7-4668-BE54-9A1E7A4F7556}") = "9_js_client_hybrid", "9_js_client_hybrid\9_js_client_hybrid.csproj", "{20E93B82-D9B8-46B8-AA67-8C4E8278B6FD}"
EndProject
Global
	GlobalSection(SolutionConfigurationPlatforms) = preSolution
		Debug|Any CPU = Debug|Any CPU
		Release|Any CPU = Release|Any CPU
	EndGlobalSection
	GlobalSection(ProjectConfigurationPlatforms) = postSolution
		{524A48D6-FA5F-4A25-987A-E0205BD28E60}.Debug|Any CPU.ActiveCfg = Debug|Any CPU
		{524A48D6-FA5F-4A25-987A-E0205BD28E60}.Debug|Any CPU.Build.0 = Debug|Any CPU
		{524A48D6-FA5F-4A25-987A-E0205BD28E60}.Release|Any CPU.ActiveCfg = Release|Any CPU
		{524A48D6-FA5F-4A25-987A-E0205BD28E60}.Release|Any CPU.Build.0 = Release|Any CPU
		{7B75B9CB-6A3A-4F05-A63D-295AF0C4DCA9}.Debug|Any CPU.ActiveCfg = Debug|Any CPU
		{7B75B9CB-6A3A-4F05-A63D-295AF0C4DCA9}.Debug|Any CPU.Build.0 = Debug|Any CPU
		{7B75B9CB-6A3A-4F05-A63D-295AF0C4DCA9}.Release|Any CPU.ActiveCfg = Release|Any CPU
		{7B75B9CB-6A3A-4F05-A63D-295AF0C4DCA9}.Release|Any CPU.Build.0 = Release|Any CPU
		{459D7929-A88F-416C-91D0-5C10C1D856E2}.Debug|Any CPU.ActiveCfg = Debug|Any CPU
		{459D7929-A88F-416C-91D0-5C10C1D856E2}.Debug|Any CPU.Build.0 = Debug|Any CPU
		{459D7929-A88F-416C-91D0-5C10C1D856E2}.Release|Any CPU.ActiveCfg = Release|Any CPU
		{459D7929-A88F-416C-91D0-5C10C1D856E2}.Release|Any CPU.Build.0 = Release|Any CPU
		{62845BD9-0755-4A3A-9580-E0EB07BCE29D}.Debug|Any CPU.ActiveCfg = Debug|Any CPU
		{62845BD9-0755-4A3A-9580-E0EB07BCE29D}.Debug|Any CPU.Build.0 = Debug|Any CPU
		{62845BD9-0755-4A3A-9580-E0EB07BCE29D}.Release|Any CPU.ActiveCfg = Release|Any CPU
		{62845BD9-0755-4A3A-9580-E0EB07BCE29D}.Release|Any CPU.Build.0 = Release|Any CPU
		{FAA88ADB-F1E1-4730-BAA8-8C7310722F8B}.Debug|Any CPU.ActiveCfg = Debug|Any CPU
		{FAA88ADB-F1E1-4730-BAA8-8C7310722F8B}.Debug|Any CPU.Build.0 = Debug|Any CPU
		{FAA88ADB-F1E1-4730-BAA8-8C7310722F8B}.Release|Any CPU.ActiveCfg = Release|Any CPU
		{FAA88ADB-F1E1-4730-BAA8-8C7310722F8B}.Release|Any CPU.Build.0 = Release|Any CPU
		{E0EB7066-C116-411D-A7F5-867E00D03707}.Debug|Any CPU.ActiveCfg = Debug|Any CPU
		{E0EB7066-C116-411D-A7F5-867E00D03707}.Debug|Any CPU.Build.0 = Debug|Any CPU
		{E0EB7066-C116-411D-A7F5-867E00D03707}.Release|Any CPU.ActiveCfg = Release|Any CPU
		{E0EB7066-C116-411D-A7F5-867E00D03707}.Release|Any CPU.Build.0 = Release|Any CPU
		{1E6FC94B-F98F-425E-93A6-C14904E7D9AD}.Debug|Any CPU.ActiveCfg = Debug|Any CPU
		{1E6FC94B-F98F-425E-93A6-C14904E7D9AD}.Debug|Any CPU.Build.0 = Debug|Any CPU
		{1E6FC94B-F98F-425E-93A6-C14904E7D9AD}.Release|Any CPU.ActiveCfg = Release|Any CPU
		{1E6FC94B-F98F-425E-93A6-C14904E7D9AD}.Release|Any CPU.Build.0 = Release|Any CPU
		{66673A3B-975D-4FD0-94BB-F4BB226471DF}.Debug|Any CPU.ActiveCfg = Debug|Any CPU
		{66673A3B-975D-4FD0-94BB-F4BB226471DF}.Debug|Any CPU.Build.0 = Debug|Any CPU
		{66673A3B-975D-4FD0-94BB-F4BB226471DF}.Release|Any CPU.ActiveCfg = Release|Any CPU
		{66673A3B-975D-4FD0-94BB-F4BB226471DF}.Release|Any CPU.Build.0 = Release|Any CPU
		{BBC8B0DC-74CC-4612-A659-E133861687EC}.Debug|Any CPU.ActiveCfg = Debug|Any CPU
		{BBC8B0DC-74CC-4612-A659-E133861687EC}.Debug|Any CPU.Build.0 = Debug|Any CPU
		{BBC8B0DC-74CC-4612-A659-E133861687EC}.Release|Any CPU.ActiveCfg = Release|Any CPU
		{BBC8B0DC-74CC-4612-A659-E133861687EC}.Release|Any CPU.Build.0 = Release|Any CPU
		{EE577004-E8B4-4014-9A60-72C3F6FFFA18}.Debug|Any CPU.ActiveCfg = Debug|Any CPU
		{EE577004-E8B4-4014-9A60-72C3F6FFFA18}.Debug|Any CPU.Build.0 = Debug|Any CPU
		{EE577004-E8B4-4014-9A60-72C3F6FFFA18}.Release|Any CPU.ActiveCfg = Release|Any CPU
		{EE577004-E8B4-4014-9A60-72C3F6FFFA18}.Release|Any CPU.Build.0 = Release|Any CPU
		{EF1E7D6A-7198-49FB-A904-A570DC19409C}.Debug|Any CPU.ActiveCfg = Debug|Any CPU
		{EF1E7D6A-7198-49FB-A904-A570DC19409C}.Debug|Any CPU.Build.0 = Debug|Any CPU
		{EF1E7D6A-7198-49FB-A904-A570DC19409C}.Release|Any CPU.ActiveCfg = Release|Any CPU
		{EF1E7D6A-7198-49FB-A904-A570DC19409C}.Release|Any CPU.Build.0 = Release|Any CPU
		{20E93B82-D9B8-46B8-AA67-8C4E8278B6FD}.Debug|Any CPU.ActiveCfg = Debug|Any CPU
		{20E93B82-D9B8-46B8-AA67-8C4E8278B6FD}.Debug|Any CPU.Build.0 = Debug|Any CPU
		{20E93B82-D9B8-46B8-AA67-8C4E8278B6FD}.Release|Any CPU.ActiveCfg = Release|Any CPU
		{20E93B82-D9B8-46B8-AA67-8C4E8278B6FD}.Release|Any CPU.Build.0 = Release|Any CPU
	EndGlobalSection
	GlobalSection(SolutionProperties) = preSolution
		HideSolutionNode = FALSE
	EndGlobalSection
	GlobalSection(ExtensibilityGlobals) = postSolution
		SolutionGuid = {4BC7B1EA-E37F-411E-AFD3-81471C798851}
	EndGlobalSection
EndGlobal
